// !$*UTF8*$!
{
	archiveVersion = 1;
	classes = {
	};
	objectVersion = 50;
	objects = {

/* Begin PBXBuildFile section */
		A7D16BA8D7285112CE7A9633 /* Pods_TinderLikeSwipeAnimation.framework in Frameworks */ = {isa = PBXBuildFile; fileRef = F499B13F50DE6F2F834FD610 /* Pods_TinderLikeSwipeAnimation.framework */; };
		B60C7474219DEB0A00391F85 /* RegistrationViewModel.swift in Sources */ = {isa = PBXBuildFile; fileRef = B60C7473219DEB0A00391F85 /* RegistrationViewModel.swift */; };
		B61D0F01219DFB4800368931 /* GoogleService-Info.plist in Resources */ = {isa = PBXBuildFile; fileRef = B61D0F00219DFB4800368931 /* GoogleService-Info.plist */; };
		B62E156A219994F30011A05E /* RegistrationVC.swift in Sources */ = {isa = PBXBuildFile; fileRef = B62E1569219994F30011A05E /* RegistrationVC.swift */; };
		B62E156C21999C240011A05E /* CustomTextField.swift in Sources */ = {isa = PBXBuildFile; fileRef = B62E156B21999C240011A05E /* CustomTextField.swift */; };
		B69BE21E2192D46B007994D1 /* AppDelegate.swift in Sources */ = {isa = PBXBuildFile; fileRef = B69BE21D2192D46B007994D1 /* AppDelegate.swift */; };
		B69BE2202192D46B007994D1 /* HomeController.swift in Sources */ = {isa = PBXBuildFile; fileRef = B69BE21F2192D46B007994D1 /* HomeController.swift */; };
		B69BE2232192D46B007994D1 /* Main.storyboard in Resources */ = {isa = PBXBuildFile; fileRef = B69BE2212192D46B007994D1 /* Main.storyboard */; };
		B69BE2252192D46D007994D1 /* Assets.xcassets in Resources */ = {isa = PBXBuildFile; fileRef = B69BE2242192D46D007994D1 /* Assets.xcassets */; };
		B69BE2282192D46D007994D1 /* LaunchScreen.storyboard in Resources */ = {isa = PBXBuildFile; fileRef = B69BE2262192D46D007994D1 /* LaunchScreen.storyboard */; };
		B69BE2302192D5BF007994D1 /* Extensions+UIView.swift in Sources */ = {isa = PBXBuildFile; fileRef = B69BE22F2192D5BF007994D1 /* Extensions+UIView.swift */; };
		B69BE2342192DBAF007994D1 /* HomeBottomControlsStackView.swift in Sources */ = {isa = PBXBuildFile; fileRef = B69BE2332192DBAF007994D1 /* HomeBottomControlsStackView.swift */; };
		B69BE2362192DFA1007994D1 /* TopNavigationStackView.swift in Sources */ = {isa = PBXBuildFile; fileRef = B69BE2352192DFA1007994D1 /* TopNavigationStackView.swift */; };
		B69BE238219345DC007994D1 /* CardView.swift in Sources */ = {isa = PBXBuildFile; fileRef = B69BE237219345DC007994D1 /* CardView.swift */; };
		B69BE23B21943BA2007994D1 /* User.swift in Sources */ = {isa = PBXBuildFile; fileRef = B69BE23A21943BA2007994D1 /* User.swift */; };
		B69BE23F21948173007994D1 /* CardViewModel.swift in Sources */ = {isa = PBXBuildFile; fileRef = B69BE23E21948173007994D1 /* CardViewModel.swift */; };
		B69BE24121948C0E007994D1 /* Advertiser.swift in Sources */ = {isa = PBXBuildFile; fileRef = B69BE24021948C0E007994D1 /* Advertiser.swift */; };
/* End PBXBuildFile section */

/* Begin PBXFileReference section */
		2329554194D97AE592B07949 /* Pods-TinderLikeSwipeAnimation.release.xcconfig */ = {isa = PBXFileReference; includeInIndex = 1; lastKnownFileType = text.xcconfig; name = "Pods-TinderLikeSwipeAnimation.release.xcconfig"; path = "Pods/Target Support Files/Pods-TinderLikeSwipeAnimation/Pods-TinderLikeSwipeAnimation.release.xcconfig"; sourceTree = "<group>"; };
		B60C7473219DEB0A00391F85 /* RegistrationViewModel.swift */ = {isa = PBXFileReference; lastKnownFileType = sourcecode.swift; path = RegistrationViewModel.swift; sourceTree = "<group>"; };
		B61D0F00219DFB4800368931 /* GoogleService-Info.plist */ = {isa = PBXFileReference; fileEncoding = 4; lastKnownFileType = text.plist.xml; path = "GoogleService-Info.plist"; sourceTree = "<group>"; };
		B62E1569219994F30011A05E /* RegistrationVC.swift */ = {isa = PBXFileReference; lastKnownFileType = sourcecode.swift; path = RegistrationVC.swift; sourceTree = "<group>"; };
		B62E156B21999C240011A05E /* CustomTextField.swift */ = {isa = PBXFileReference; lastKnownFileType = sourcecode.swift; path = CustomTextField.swift; sourceTree = "<group>"; };
		B69BE21A2192D46B007994D1 /* TinderLikeSwipeAnimation.app */ = {isa = PBXFileReference; explicitFileType = wrapper.application; includeInIndex = 0; path = TinderLikeSwipeAnimation.app; sourceTree = BUILT_PRODUCTS_DIR; };
		B69BE21D2192D46B007994D1 /* AppDelegate.swift */ = {isa = PBXFileReference; lastKnownFileType = sourcecode.swift; path = AppDelegate.swift; sourceTree = "<group>"; };
		B69BE21F2192D46B007994D1 /* HomeController.swift */ = {isa = PBXFileReference; lastKnownFileType = sourcecode.swift; path = HomeController.swift; sourceTree = "<group>"; };
		B69BE2222192D46B007994D1 /* Base */ = {isa = PBXFileReference; lastKnownFileType = file.storyboard; name = Base; path = Base.lproj/Main.storyboard; sourceTree = "<group>"; };
		B69BE2242192D46D007994D1 /* Assets.xcassets */ = {isa = PBXFileReference; lastKnownFileType = folder.assetcatalog; path = Assets.xcassets; sourceTree = "<group>"; };
		B69BE2272192D46D007994D1 /* Base */ = {isa = PBXFileReference; lastKnownFileType = file.storyboard; name = Base; path = Base.lproj/LaunchScreen.storyboard; sourceTree = "<group>"; };
		B69BE2292192D46D007994D1 /* Info.plist */ = {isa = PBXFileReference; lastKnownFileType = text.plist.xml; path = Info.plist; sourceTree = "<group>"; };
		B69BE22F2192D5BF007994D1 /* Extensions+UIView.swift */ = {isa = PBXFileReference; fileEncoding = 4; lastKnownFileType = sourcecode.swift; path = "Extensions+UIView.swift"; sourceTree = "<group>"; };
		B69BE2332192DBAF007994D1 /* HomeBottomControlsStackView.swift */ = {isa = PBXFileReference; lastKnownFileType = sourcecode.swift; path = HomeBottomControlsStackView.swift; sourceTree = "<group>"; };
		B69BE2352192DFA1007994D1 /* TopNavigationStackView.swift */ = {isa = PBXFileReference; lastKnownFileType = sourcecode.swift; path = TopNavigationStackView.swift; sourceTree = "<group>"; };
		B69BE237219345DC007994D1 /* CardView.swift */ = {isa = PBXFileReference; lastKnownFileType = sourcecode.swift; path = CardView.swift; sourceTree = "<group>"; };
		B69BE23A21943BA2007994D1 /* User.swift */ = {isa = PBXFileReference; lastKnownFileType = sourcecode.swift; path = User.swift; sourceTree = "<group>"; };
		B69BE23E21948173007994D1 /* CardViewModel.swift */ = {isa = PBXFileReference; lastKnownFileType = sourcecode.swift; path = CardViewModel.swift; sourceTree = "<group>"; };
		B69BE24021948C0E007994D1 /* Advertiser.swift */ = {isa = PBXFileReference; lastKnownFileType = sourcecode.swift; path = Advertiser.swift; sourceTree = "<group>"; };
		EF6887F8F8E6B9D96CB1E5A5 /* Pods-TinderLikeSwipeAnimation.debug.xcconfig */ = {isa = PBXFileReference; includeInIndex = 1; lastKnownFileType = text.xcconfig; name = "Pods-TinderLikeSwipeAnimation.debug.xcconfig"; path = "Pods/Target Support Files/Pods-TinderLikeSwipeAnimation/Pods-TinderLikeSwipeAnimation.debug.xcconfig"; sourceTree = "<group>"; };
		F499B13F50DE6F2F834FD610 /* Pods_TinderLikeSwipeAnimation.framework */ = {isa = PBXFileReference; explicitFileType = wrapper.framework; includeInIndex = 0; path = Pods_TinderLikeSwipeAnimation.framework; sourceTree = BUILT_PRODUCTS_DIR; };
/* End PBXFileReference section */

/* Begin PBXFrameworksBuildPhase section */
		B69BE2172192D46B007994D1 /* Frameworks */ = {
			isa = PBXFrameworksBuildPhase;
			buildActionMask = 2147483647;
			files = (
				A7D16BA8D7285112CE7A9633 /* Pods_TinderLikeSwipeAnimation.framework in Frameworks */,
			);
			runOnlyForDeploymentPostprocessing = 0;
		};
/* End PBXFrameworksBuildPhase section */

/* Begin PBXGroup section */
		1E1FAAAB12B5D76050B1DFF6 /* Frameworks */ = {
			isa = PBXGroup;
			children = (
				F499B13F50DE6F2F834FD610 /* Pods_TinderLikeSwipeAnimation.framework */,
			);
			name = Frameworks;
			sourceTree = "<group>";
		};
		B69BE2112192D46B007994D1 = {
			isa = PBXGroup;
			children = (
				B69BE21C2192D46B007994D1 /* TinderLikeSwipeAnimation */,
				B69BE21B2192D46B007994D1 /* Products */,
				DB77F47C391F6F01F142F6A6 /* Pods */,
				1E1FAAAB12B5D76050B1DFF6 /* Frameworks */,
			);
			sourceTree = "<group>";
		};
		B69BE21B2192D46B007994D1 /* Products */ = {
			isa = PBXGroup;
			children = (
				B69BE21A2192D46B007994D1 /* TinderLikeSwipeAnimation.app */,
			);
			name = Products;
			sourceTree = "<group>";
		};
		B69BE21C2192D46B007994D1 /* TinderLikeSwipeAnimation */ = {
			isa = PBXGroup;
			children = (
				B69BE23D21948159007994D1 /* ViewModels */,
				B69BE23C219480B4007994D1 /* Controllers */,
				B69BE23921943B93007994D1 /* Model */,
				B69BE2322192DB84007994D1 /* Views */,
				B69BE2312192D5D6007994D1 /* Extentions */,
				B69BE21D2192D46B007994D1 /* AppDelegate.swift */,
				B69BE2212192D46B007994D1 /* Main.storyboard */,
				B69BE2242192D46D007994D1 /* Assets.xcassets */,
				B69BE2262192D46D007994D1 /* LaunchScreen.storyboard */,
				B69BE2292192D46D007994D1 /* Info.plist */,
				B61D0F00219DFB4800368931 /* GoogleService-Info.plist */,
			);
			path = TinderLikeSwipeAnimation;
			sourceTree = "<group>";
		};
		B69BE2312192D5D6007994D1 /* Extentions */ = {
			isa = PBXGroup;
			children = (
				B69BE22F2192D5BF007994D1 /* Extensions+UIView.swift */,
			);
			path = Extentions;
			sourceTree = "<group>";
		};
		B69BE2322192DB84007994D1 /* Views */ = {
			isa = PBXGroup;
			children = (
				B69BE2332192DBAF007994D1 /* HomeBottomControlsStackView.swift */,
				B69BE2352192DFA1007994D1 /* TopNavigationStackView.swift */,
				B69BE237219345DC007994D1 /* CardView.swift */,
				B62E156B21999C240011A05E /* CustomTextField.swift */,
			);
			path = Views;
			sourceTree = "<group>";
		};
		B69BE23921943B93007994D1 /* Model */ = {
			isa = PBXGroup;
			children = (
				B69BE23A21943BA2007994D1 /* User.swift */,
				B69BE24021948C0E007994D1 /* Advertiser.swift */,
			);
			path = Model;
			sourceTree = "<group>";
		};
		B69BE23C219480B4007994D1 /* Controllers */ = {
			isa = PBXGroup;
			children = (
				B69BE21F2192D46B007994D1 /* HomeController.swift */,
				B62E1569219994F30011A05E /* RegistrationVC.swift */,
			);
			path = Controllers;
			sourceTree = "<group>";
		};
		B69BE23D21948159007994D1 /* ViewModels */ = {
			isa = PBXGroup;
			children = (
				B69BE23E21948173007994D1 /* CardViewModel.swift */,
				B60C7473219DEB0A00391F85 /* RegistrationViewModel.swift */,
			);
			path = ViewModels;
			sourceTree = "<group>";
		};
		DB77F47C391F6F01F142F6A6 /* Pods */ = {
			isa = PBXGroup;
			children = (
				EF6887F8F8E6B9D96CB1E5A5 /* Pods-TinderLikeSwipeAnimation.debug.xcconfig */,
				2329554194D97AE592B07949 /* Pods-TinderLikeSwipeAnimation.release.xcconfig */,
			);
			name = Pods;
			sourceTree = "<group>";
		};
/* End PBXGroup section */

/* Begin PBXNativeTarget section */
		B69BE2192192D46B007994D1 /* TinderLikeSwipeAnimation */ = {
			isa = PBXNativeTarget;
			buildConfigurationList = B69BE22C2192D46D007994D1 /* Build configuration list for PBXNativeTarget "TinderLikeSwipeAnimation" */;
			buildPhases = (
				0BC6F1C0A92DA40B1F335EAF /* [CP] Check Pods Manifest.lock */,
				B69BE2162192D46B007994D1 /* Sources */,
				B69BE2172192D46B007994D1 /* Frameworks */,
				B69BE2182192D46B007994D1 /* Resources */,
				0E8940EBCA7CF89FFFEBCC5A /* [CP] Embed Pods Frameworks */,
				29CE1CDED232DC470D1A0DAD /* [CP] Copy Pods Resources */,
			);
			buildRules = (
			);
			dependencies = (
			);
			name = TinderLikeSwipeAnimation;
			productName = TinderLikeSwipeAnimation;
			productReference = B69BE21A2192D46B007994D1 /* TinderLikeSwipeAnimation.app */;
			productType = "com.apple.product-type.application";
		};
/* End PBXNativeTarget section */

/* Begin PBXProject section */
		B69BE2122192D46B007994D1 /* Project object */ = {
			isa = PBXProject;
			attributes = {
				LastSwiftUpdateCheck = 1000;
				LastUpgradeCheck = 1000;
				ORGANIZATIONNAME = DocDevs;
				TargetAttributes = {
					B69BE2192192D46B007994D1 = {
						CreatedOnToolsVersion = 10.0;
					};
				};
			};
			buildConfigurationList = B69BE2152192D46B007994D1 /* Build configuration list for PBXProject "TinderLikeSwipeAnimation" */;
			compatibilityVersion = "Xcode 9.3";
			developmentRegion = en;
			hasScannedForEncodings = 0;
			knownRegions = (
				en,
				Base,
			);
			mainGroup = B69BE2112192D46B007994D1;
			productRefGroup = B69BE21B2192D46B007994D1 /* Products */;
			projectDirPath = "";
			projectRoot = "";
			targets = (
				B69BE2192192D46B007994D1 /* TinderLikeSwipeAnimation */,
			);
		};
/* End PBXProject section */

/* Begin PBXResourcesBuildPhase section */
		B69BE2182192D46B007994D1 /* Resources */ = {
			isa = PBXResourcesBuildPhase;
			buildActionMask = 2147483647;
			files = (
				B69BE2282192D46D007994D1 /* LaunchScreen.storyboard in Resources */,
				B61D0F01219DFB4800368931 /* GoogleService-Info.plist in Resources */,
				B69BE2252192D46D007994D1 /* Assets.xcassets in Resources */,
				B69BE2232192D46B007994D1 /* Main.storyboard in Resources */,
			);
			runOnlyForDeploymentPostprocessing = 0;
		};
/* End PBXResourcesBuildPhase section */

/* Begin PBXShellScriptBuildPhase section */
		0BC6F1C0A92DA40B1F335EAF /* [CP] Check Pods Manifest.lock */ = {
			isa = PBXShellScriptBuildPhase;
			buildActionMask = 2147483647;
			files = (
			);
			inputPaths = (
				"${PODS_PODFILE_DIR_PATH}/Podfile.lock",
				"${PODS_ROOT}/Manifest.lock",
			);
			name = "[CP] Check Pods Manifest.lock";
			outputPaths = (
				"$(DERIVED_FILE_DIR)/Pods-TinderLikeSwipeAnimation-checkManifestLockResult.txt",
			);
			runOnlyForDeploymentPostprocessing = 0;
			shellPath = /bin/sh;
			shellScript = "diff \"${PODS_PODFILE_DIR_PATH}/Podfile.lock\" \"${PODS_ROOT}/Manifest.lock\" > /dev/null\nif [ $? != 0 ] ; then\n    # print error to STDERR\n    echo \"error: The sandbox is not in sync with the Podfile.lock. Run 'pod install' or update your CocoaPods installation.\" >&2\n    exit 1\nfi\n# This output is used by Xcode 'outputs' to avoid re-running this script phase.\necho \"SUCCESS\" > \"${SCRIPT_OUTPUT_FILE_0}\"\n";
			showEnvVarsInLog = 0;
		};
		0E8940EBCA7CF89FFFEBCC5A /* [CP] Embed Pods Frameworks */ = {
			isa = PBXShellScriptBuildPhase;
			buildActionMask = 2147483647;
			files = (
			);
			inputPaths = (
				"${SRCROOT}/Pods/Target Support Files/Pods-TinderLikeSwipeAnimation/Pods-TinderLikeSwipeAnimation-frameworks.sh",
				"${BUILT_PRODUCTS_DIR}/BoringSSL/openssl.framework",
				"${BUILT_PRODUCTS_DIR}/GTMSessionFetcher/GTMSessionFetcher.framework",
				"${BUILT_PRODUCTS_DIR}/GoogleUtilities/GoogleUtilities.framework",
				"${BUILT_PRODUCTS_DIR}/JGProgressHUD/JGProgressHUD.framework",
				"${BUILT_PRODUCTS_DIR}/Protobuf/Protobuf.framework",
				"${BUILT_PRODUCTS_DIR}/SDWebImage/SDWebImage.framework",
				"${BUILT_PRODUCTS_DIR}/gRPC/GRPCClient.framework",
				"${BUILT_PRODUCTS_DIR}/gRPC-C++/grpcpp.framework",
				"${BUILT_PRODUCTS_DIR}/gRPC-Core/grpc.framework",
				"${BUILT_PRODUCTS_DIR}/gRPC-ProtoRPC/ProtoRPC.framework",
				"${BUILT_PRODUCTS_DIR}/gRPC-RxLibrary/RxLibrary.framework",
				"${BUILT_PRODUCTS_DIR}/leveldb-library/leveldb.framework",
				"${BUILT_PRODUCTS_DIR}/nanopb/nanopb.framework",
			);
			name = "[CP] Embed Pods Frameworks";
			outputPaths = (
				"${TARGET_BUILD_DIR}/${FRAMEWORKS_FOLDER_PATH}/openssl.framework",
				"${TARGET_BUILD_DIR}/${FRAMEWORKS_FOLDER_PATH}/GTMSessionFetcher.framework",
				"${TARGET_BUILD_DIR}/${FRAMEWORKS_FOLDER_PATH}/GoogleUtilities.framework",
				"${TARGET_BUILD_DIR}/${FRAMEWORKS_FOLDER_PATH}/JGProgressHUD.framework",
				"${TARGET_BUILD_DIR}/${FRAMEWORKS_FOLDER_PATH}/Protobuf.framework",
				"${TARGET_BUILD_DIR}/${FRAMEWORKS_FOLDER_PATH}/SDWebImage.framework",
				"${TARGET_BUILD_DIR}/${FRAMEWORKS_FOLDER_PATH}/GRPCClient.framework",
				"${TARGET_BUILD_DIR}/${FRAMEWORKS_FOLDER_PATH}/grpcpp.framework",
				"${TARGET_BUILD_DIR}/${FRAMEWORKS_FOLDER_PATH}/grpc.framework",
				"${TARGET_BUILD_DIR}/${FRAMEWORKS_FOLDER_PATH}/ProtoRPC.framework",
				"${TARGET_BUILD_DIR}/${FRAMEWORKS_FOLDER_PATH}/RxLibrary.framework",
				"${TARGET_BUILD_DIR}/${FRAMEWORKS_FOLDER_PATH}/leveldb.framework",
				"${TARGET_BUILD_DIR}/${FRAMEWORKS_FOLDER_PATH}/nanopb.framework",
			);
			runOnlyForDeploymentPostprocessing = 0;
			shellPath = /bin/sh;
			shellScript = "\"${SRCROOT}/Pods/Target Support Files/Pods-TinderLikeSwipeAnimation/Pods-TinderLikeSwipeAnimation-frameworks.sh\"\n";
			showEnvVarsInLog = 0;
		};
		29CE1CDED232DC470D1A0DAD /* [CP] Copy Pods Resources */ = {
			isa = PBXShellScriptBuildPhase;
			buildActionMask = 2147483647;
			files = (
			);
			inputPaths = (
			);
			name = "[CP] Copy Pods Resources";
			outputPaths = (
			);
			runOnlyForDeploymentPostprocessing = 0;
			shellPath = /bin/sh;
			shellScript = "\"${SRCROOT}/Pods/Target Support Files/Pods-TinderLikeSwipeAnimation/Pods-TinderLikeSwipeAnimation-resources.sh\"\n";
			showEnvVarsInLog = 0;
		};
/* End PBXShellScriptBuildPhase section */

/* Begin PBXSourcesBuildPhase section */
		B69BE2162192D46B007994D1 /* Sources */ = {
			isa = PBXSourcesBuildPhase;
			buildActionMask = 2147483647;
			files = (
				B69BE2202192D46B007994D1 /* HomeController.swift in Sources */,
				B60C7474219DEB0A00391F85 /* RegistrationViewModel.swift in Sources */,
				B62E156C21999C240011A05E /* CustomTextField.swift in Sources */,
				B69BE2342192DBAF007994D1 /* HomeBottomControlsStackView.swift in Sources */,
				B69BE24121948C0E007994D1 /* Advertiser.swift in Sources */,
				B62E156A219994F30011A05E /* RegistrationVC.swift in Sources */,
				B69BE21E2192D46B007994D1 /* AppDelegate.swift in Sources */,
				B69BE2302192D5BF007994D1 /* Extensions+UIView.swift in Sources */,
				B69BE23F21948173007994D1 /* CardViewModel.swift in Sources */,
				B69BE238219345DC007994D1 /* CardView.swift in Sources */,
				B69BE2362192DFA1007994D1 /* TopNavigationStackView.swift in Sources */,
				B69BE23B21943BA2007994D1 /* User.swift in Sources */,
			);
			runOnlyForDeploymentPostprocessing = 0;
		};
/* End PBXSourcesBuildPhase section */

/* Begin PBXVariantGroup section */
		B69BE2212192D46B007994D1 /* Main.storyboard */ = {
			isa = PBXVariantGroup;
			children = (
				B69BE2222192D46B007994D1 /* Base */,
			);
			name = Main.storyboard;
			sourceTree = "<group>";
		};
		B69BE2262192D46D007994D1 /* LaunchScreen.storyboard */ = {
			isa = PBXVariantGroup;
			children = (
				B69BE2272192D46D007994D1 /* Base */,
			);
			name = LaunchScreen.storyboard;
			sourceTree = "<group>";
		};
/* End PBXVariantGroup section */

/* Begin XCBuildConfiguration section */
		B69BE22A2192D46D007994D1 /* Debug */ = {
			isa = XCBuildConfiguration;
			buildSettings = {
				ALWAYS_SEARCH_USER_PATHS = NO;
				CLANG_ANALYZER_NONNULL = YES;
				CLANG_ANALYZER_NUMBER_OBJECT_CONVERSION = YES_AGGRESSIVE;
				CLANG_CXX_LANGUAGE_STANDARD = "gnu++14";
				CLANG_CXX_LIBRARY = "libc++";
				CLANG_ENABLE_MODULES = YES;
				CLANG_ENABLE_OBJC_ARC = YES;
				CLANG_ENABLE_OBJC_WEAK = YES;
				CLANG_WARN_BLOCK_CAPTURE_AUTORELEASING = YES;
				CLANG_WARN_BOOL_CONVERSION = YES;
				CLANG_WARN_COMMA = YES;
				CLANG_WARN_CONSTANT_CONVERSION = YES;
				CLANG_WARN_DEPRECATED_OBJC_IMPLEMENTATIONS = YES;
				CLANG_WARN_DIRECT_OBJC_ISA_USAGE = YES_ERROR;
				CLANG_WARN_DOCUMENTATION_COMMENTS = YES;
				CLANG_WARN_EMPTY_BODY = YES;
				CLANG_WARN_ENUM_CONVERSION = YES;
				CLANG_WARN_INFINITE_RECURSION = YES;
				CLANG_WARN_INT_CONVERSION = YES;
				CLANG_WARN_NON_LITERAL_NULL_CONVERSION = YES;
				CLANG_WARN_OBJC_IMPLICIT_RETAIN_SELF = YES;
				CLANG_WARN_OBJC_LITERAL_CONVERSION = YES;
				CLANG_WARN_OBJC_ROOT_CLASS = YES_ERROR;
				CLANG_WARN_RANGE_LOOP_ANALYSIS = YES;
				CLANG_WARN_STRICT_PROTOTYPES = YES;
				CLANG_WARN_SUSPICIOUS_MOVE = YES;
				CLANG_WARN_UNGUARDED_AVAILABILITY = YES_AGGRESSIVE;
				CLANG_WARN_UNREACHABLE_CODE = YES;
				CLANG_WARN__DUPLICATE_METHOD_MATCH = YES;
				CODE_SIGN_IDENTITY = "iPhone Developer";
				COPY_PHASE_STRIP = NO;
				DEBUG_INFORMATION_FORMAT = dwarf;
				ENABLE_STRICT_OBJC_MSGSEND = YES;
				ENABLE_TESTABILITY = YES;
				GCC_C_LANGUAGE_STANDARD = gnu11;
				GCC_DYNAMIC_NO_PIC = NO;
				GCC_NO_COMMON_BLOCKS = YES;
				GCC_OPTIMIZATION_LEVEL = 0;
				GCC_PREPROCESSOR_DEFINITIONS = (
					"DEBUG=1",
					"$(inherited)",
				);
				GCC_WARN_64_TO_32_BIT_CONVERSION = YES;
				GCC_WARN_ABOUT_RETURN_TYPE = YES_ERROR;
				GCC_WARN_UNDECLARED_SELECTOR = YES;
				GCC_WARN_UNINITIALIZED_AUTOS = YES_AGGRESSIVE;
				GCC_WARN_UNUSED_FUNCTION = YES;
				GCC_WARN_UNUSED_VARIABLE = YES;
				IPHONEOS_DEPLOYMENT_TARGET = 12.0;
				MTL_ENABLE_DEBUG_INFO = INCLUDE_SOURCE;
				MTL_FAST_MATH = YES;
				ONLY_ACTIVE_ARCH = YES;
				SDKROOT = iphoneos;
				SWIFT_ACTIVE_COMPILATION_CONDITIONS = DEBUG;
				SWIFT_OPTIMIZATION_LEVEL = "-Onone";
			};
			name = Debug;
		};
		B69BE22B2192D46D007994D1 /* Release */ = {
			isa = XCBuildConfiguration;
			buildSettings = {
				ALWAYS_SEARCH_USER_PATHS = NO;
				CLANG_ANALYZER_NONNULL = YES;
				CLANG_ANALYZER_NUMBER_OBJECT_CONVERSION = YES_AGGRESSIVE;
				CLANG_CXX_LANGUAGE_STANDARD = "gnu++14";
				CLANG_CXX_LIBRARY = "libc++";
				CLANG_ENABLE_MODULES = YES;
				CLANG_ENABLE_OBJC_ARC = YES;
				CLANG_ENABLE_OBJC_WEAK = YES;
				CLANG_WARN_BLOCK_CAPTURE_AUTORELEASING = YES;
				CLANG_WARN_BOOL_CONVERSION = YES;
				CLANG_WARN_COMMA = YES;
				CLANG_WARN_CONSTANT_CONVERSION = YES;
				CLANG_WARN_DEPRECATED_OBJC_IMPLEMENTATIONS = YES;
				CLANG_WARN_DIRECT_OBJC_ISA_USAGE = YES_ERROR;
				CLANG_WARN_DOCUMENTATION_COMMENTS = YES;
				CLANG_WARN_EMPTY_BODY = YES;
				CLANG_WARN_ENUM_CONVERSION = YES;
				CLANG_WARN_INFINITE_RECURSION = YES;
				CLANG_WARN_INT_CONVERSION = YES;
				CLANG_WARN_NON_LITERAL_NULL_CONVERSION = YES;
				CLANG_WARN_OBJC_IMPLICIT_RETAIN_SELF = YES;
				CLANG_WARN_OBJC_LITERAL_CONVERSION = YES;
				CLANG_WARN_OBJC_ROOT_CLASS = YES_ERROR;
				CLANG_WARN_RANGE_LOOP_ANALYSIS = YES;
				CLANG_WARN_STRICT_PROTOTYPES = YES;
				CLANG_WARN_SUSPICIOUS_MOVE = YES;
				CLANG_WARN_UNGUARDED_AVAILABILITY = YES_AGGRESSIVE;
				CLANG_WARN_UNREACHABLE_CODE = YES;
				CLANG_WARN__DUPLICATE_METHOD_MATCH = YES;
				CODE_SIGN_IDENTITY = "iPhone Developer";
				COPY_PHASE_STRIP = NO;
				DEBUG_INFORMATION_FORMAT = "dwarf-with-dsym";
				ENABLE_NS_ASSERTIONS = NO;
				ENABLE_STRICT_OBJC_MSGSEND = YES;
				GCC_C_LANGUAGE_STANDARD = gnu11;
				GCC_NO_COMMON_BLOCKS = YES;
				GCC_WARN_64_TO_32_BIT_CONVERSION = YES;
				GCC_WARN_ABOUT_RETURN_TYPE = YES_ERROR;
				GCC_WARN_UNDECLARED_SELECTOR = YES;
				GCC_WARN_UNINITIALIZED_AUTOS = YES_AGGRESSIVE;
				GCC_WARN_UNUSED_FUNCTION = YES;
				GCC_WARN_UNUSED_VARIABLE = YES;
				IPHONEOS_DEPLOYMENT_TARGET = 12.0;
				MTL_ENABLE_DEBUG_INFO = NO;
				MTL_FAST_MATH = YES;
				SDKROOT = iphoneos;
				SWIFT_COMPILATION_MODE = wholemodule;
				SWIFT_OPTIMIZATION_LEVEL = "-O";
				VALIDATE_PRODUCT = YES;
			};
			name = Release;
		};
		B69BE22D2192D46D007994D1 /* Debug */ = {
			isa = XCBuildConfiguration;
			baseConfigurationReference = EF6887F8F8E6B9D96CB1E5A5 /* Pods-TinderLikeSwipeAnimation.debug.xcconfig */;
			buildSettings = {
				ASSETCATALOG_COMPILER_APPICON_NAME = AppIcon;
				CODE_SIGN_STYLE = Automatic;
				DEVELOPMENT_TEAM = UHJSHJ73VS;
				INFOPLIST_FILE = TinderLikeSwipeAnimation/Info.plist;
				LD_RUNPATH_SEARCH_PATHS = (
					"$(inherited)",
					"@executable_path/Frameworks",
				);
				PRODUCT_BUNDLE_IDENTIFIER = com.ayon.TinderLikeSwipeAnimation;
				PRODUCT_NAME = "$(TARGET_NAME)";
				SWIFT_VERSION = 4.2;
				TARGETED_DEVICE_FAMILY = "1,2";
			};
			name = Debug;
		};
		B69BE22E2192D46D007994D1 /* Release */ = {
			isa = XCBuildConfiguration;
			baseConfigurationReference = 2329554194D97AE592B07949 /* Pods-TinderLikeSwipeAnimation.release.xcconfig */;
			buildSettings = {
				ASSETCATALOG_COMPILER_APPICON_NAME = AppIcon;
				CODE_SIGN_STYLE = Automatic;
				DEVELOPMENT_TEAM = UHJSHJ73VS;
				INFOPLIST_FILE = TinderLikeSwipeAnimation/Info.plist;
				LD_RUNPATH_SEARCH_PATHS = (
					"$(inherited)",
					"@executable_path/Frameworks",
				);
				PRODUCT_BUNDLE_IDENTIFIER = com.ayon.TinderLikeSwipeAnimation;
				PRODUCT_NAME = "$(TARGET_NAME)";
				SWIFT_VERSION = 4.2;
				TARGETED_DEVICE_FAMILY = "1,2";
			};
			name = Release;
		};
/* End XCBuildConfiguration section */

/* Begin XCConfigurationList section */
		B69BE2152192D46B007994D1 /* Build configuration list for PBXProject "TinderLikeSwipeAnimation" */ = {
			isa = XCConfigurationList;
			buildConfigurations = (
				B69BE22A2192D46D007994D1 /* Debug */,
				B69BE22B2192D46D007994D1 /* Release */,
			);
			defaultConfigurationIsVisible = 0;
			defaultConfigurationName = Release;
		};
		B69BE22C2192D46D007994D1 /* Build configuration list for PBXNativeTarget "TinderLikeSwipeAnimation" */ = {
			isa = XCConfigurationList;
			buildConfigurations = (
				B69BE22D2192D46D007994D1 /* Debug */,
				B69BE22E2192D46D007994D1 /* Release */,
			);
			defaultConfigurationIsVisible = 0;
			defaultConfigurationName = Release;
		};
/* End XCConfigurationList section */
	};
	rootObject = B69BE2122192D46B007994D1 /* Project object */;
}
